
Microsoft Visual Studio Solution File, Format Version 12.00
# Visual Studio Version 16
VisualStudioVersion = 16.0.32901.82
MinimumVisualStudioVersion = 10.0.40219.1
Project("{FAE04EC0-301F-11D3-BF4B-00C04F79EFBC}") = "DemaApp1", "DemaApp1\DemaApp1.csproj", "{91D313C3-7E8C-4FD4-B119-29A93DBCACFE}"
EndProject
Global
	GlobalSection(SolutionConfigurationPlatforms) = preSolution
		Debug|Any CPU = Debug|Any CPU
		Release|Any CPU = Release|Any CPU
	EndGlobalSection
	GlobalSection(ProjectConfigurationPlatforms) = postSolution
		{91D313C3-7E8C-4FD4-B119-29A93DBCACFE}.Debug|Any CPU.ActiveCfg = Debug|Any CPU
		{91D313C3-7E8C-4FD4-B119-29A93DBCACFE}.Debug|Any CPU.Build.0 = Debug|Any CPU
		{91D313C3-7E8C-4FD4-B119-29A93DBCACFE}.Release|Any CPU.ActiveCfg = Release|Any CPU
		{91D313C3-7E8C-4FD4-B119-29A93DBCACFE}.Release|Any CPU.Build.0 = Release|Any CPU
	EndGlobalSection
	GlobalSection(SolutionProperties) = preSolution
		HideSolutionNode = FALSE
	EndGlobalSection
	GlobalSection(ExtensibilityGlobals) = postSolution
		SolutionGuid = {77482A1C-0EAF-4870-8929-6E62D986C96C}
	EndGlobalSection
EndGlobal
