
Microsoft Visual Studio Solution File, Format Version 12.00
# Visual Studio Version 16
VisualStudioVersion = 16.0.32901.82
MinimumVisualStudioVersion = 10.0.40219.1
Project("{FAE04EC0-301F-11D3-BF4B-00C04F79EFBC}") = "EF_CodeBased_Demo1", "EF_CodeBased_Demo1\EF_CodeBased_Demo1.csproj", "{093D5D17-11AD-469A-8FB2-8C0388D10D6A}"
EndProject
Global
	GlobalSection(SolutionConfigurationPlatforms) = preSolution
		Debug|Any CPU = Debug|Any CPU
		Release|Any CPU = Release|Any CPU
	EndGlobalSection
	GlobalSection(ProjectConfigurationPlatforms) = postSolution
		{093D5D17-11AD-469A-8FB2-8C0388D10D6A}.Debug|Any CPU.ActiveCfg = Debug|Any CPU
		{093D5D17-11AD-469A-8FB2-8C0388D10D6A}.Debug|Any CPU.Build.0 = Debug|Any CPU
		{093D5D17-11AD-469A-8FB2-8C0388D10D6A}.Release|Any CPU.ActiveCfg = Release|Any CPU
		{093D5D17-11AD-469A-8FB2-8C0388D10D6A}.Release|Any CPU.Build.0 = Release|Any CPU
	EndGlobalSection
	GlobalSection(SolutionProperties) = preSolution
		HideSolutionNode = FALSE
	EndGlobalSection
	GlobalSection(ExtensibilityGlobals) = postSolution
		SolutionGuid = {52BD89C3-70FA-4A5A-88DC-D268919A28FE}
	EndGlobalSection
EndGlobal
