
Microsoft Visual Studio Solution File, Format Version 12.00
# Visual Studio Version 16
VisualStudioVersion = 16.0.32901.82
MinimumVisualStudioVersion = 10.0.40219.1
Project("{FAE04EC0-301F-11D3-BF4B-00C04F79EFBC}") = "AuthenticationDemo", "AuthenticationDemo\AuthenticationDemo.csproj", "{508238E8-514A-4759-8521-C00CBEDCEF29}"
EndProject
Global
	GlobalSection(SolutionConfigurationPlatforms) = preSolution
		Debug|Any CPU = Debug|Any CPU
		Release|Any CPU = Release|Any CPU
	EndGlobalSection
	GlobalSection(ProjectConfigurationPlatforms) = postSolution
		{508238E8-514A-4759-8521-C00CBEDCEF29}.Debug|Any CPU.ActiveCfg = Debug|Any CPU
		{508238E8-514A-4759-8521-C00CBEDCEF29}.Debug|Any CPU.Build.0 = Debug|Any CPU
		{508238E8-514A-4759-8521-C00CBEDCEF29}.Release|Any CPU.ActiveCfg = Release|Any CPU
		{508238E8-514A-4759-8521-C00CBEDCEF29}.Release|Any CPU.Build.0 = Release|Any CPU
	EndGlobalSection
	GlobalSection(SolutionProperties) = preSolution
		HideSolutionNode = FALSE
	EndGlobalSection
	GlobalSection(ExtensibilityGlobals) = postSolution
		SolutionGuid = {9DA9570E-F148-42D4-9B9A-D5EDAE506276}
	EndGlobalSection
EndGlobal
